
Microsoft Visual Studio Solution File, Format Version 12.00
# Visual Studio Version 17
VisualStudioVersion = 17.9.34616.47
MinimumVisualStudioVersion = 10.0.40219.1
Project("{9A19103F-16F7-4668-BE54-9A1E7A4F7556}") = "BusinessLayer", "BusinessLayer\BusinessLayer.csproj", "{4B74D5D5-BD1E-4F3E-9939-AEE09B7AE7D9}"
EndProject
Project("{9A19103F-16F7-4668-BE54-9A1E7A4F7556}") = "CoreLayer", "CoreLayer\CoreLayer.csproj", "{B1D1C76D-5833-4550-96C5-B67B1DE6288C}"
EndProject
Project("{9A19103F-16F7-4668-BE54-9A1E7A4F7556}") = "TestLayer", "TestUnit1\TestLayer.csproj", "{25F71940-E046-4524-AC57-E5CB66EFF690}"
EndProject
Project("{2150E333-8FDC-42A3-9474-1A3956D46DE8}") = "SolutionItems", "SolutionItems", "{BF5D00B8-0953-49F8-976C-2FCB9BF026F4}"
	ProjectSection(SolutionItems) = preProject
		Readme.md = Readme.md
	EndProjectSection
EndProject
Global
	GlobalSection(SolutionConfigurationPlatforms) = preSolution
		Debug|Any CPU = Debug|Any CPU
		Release|Any CPU = Release|Any CPU
	EndGlobalSection
	GlobalSection(ProjectConfigurationPlatforms) = postSolution
		{4B74D5D5-BD1E-4F3E-9939-AEE09B7AE7D9}.Debug|Any CPU.ActiveCfg = Debug|Any CPU
		{4B74D5D5-BD1E-4F3E-9939-AEE09B7AE7D9}.Debug|Any CPU.Build.0 = Debug|Any CPU
		{4B74D5D5-BD1E-4F3E-9939-AEE09B7AE7D9}.Release|Any CPU.ActiveCfg = Release|Any CPU
		{4B74D5D5-BD1E-4F3E-9939-AEE09B7AE7D9}.Release|Any CPU.Build.0 = Release|Any CPU
		{B1D1C76D-5833-4550-96C5-B67B1DE6288C}.Debug|Any CPU.ActiveCfg = Debug|Any CPU
		{B1D1C76D-5833-4550-96C5-B67B1DE6288C}.Debug|Any CPU.Build.0 = Debug|Any CPU
		{B1D1C76D-5833-4550-96C5-B67B1DE6288C}.Release|Any CPU.ActiveCfg = Release|Any CPU
		{B1D1C76D-5833-4550-96C5-B67B1DE6288C}.Release|Any CPU.Build.0 = Release|Any CPU
		{25F71940-E046-4524-AC57-E5CB66EFF690}.Debug|Any CPU.ActiveCfg = Debug|Any CPU
		{25F71940-E046-4524-AC57-E5CB66EFF690}.Debug|Any CPU.Build.0 = Debug|Any CPU
		{25F71940-E046-4524-AC57-E5CB66EFF690}.Release|Any CPU.ActiveCfg = Release|Any CPU
		{25F71940-E046-4524-AC57-E5CB66EFF690}.Release|Any CPU.Build.0 = Release|Any CPU
	EndGlobalSection
	GlobalSection(SolutionProperties) = preSolution
		HideSolutionNode = FALSE
	EndGlobalSection
	GlobalSection(ExtensibilityGlobals) = postSolution
		SolutionGuid = {E3BB9948-2C53-4FD8-BF0B-A059E34EE2A2}
	EndGlobalSection
EndGlobal
